langcode: en
status: true
dependencies:
  module:
    - dp_api_docs
  theme:
    - dp_zero_gravity
id: dp_zero_gravity_apitabblock
theme: dp_zero_gravity
region: header_second
weight: -9
provider: null
plugin: api_tab_block
settings:
  id: api_tab_block
  label: 'API Tab block'
  provider: dp_api_docs
  label_display: '0'
visibility: {  }
