uuid: 6f72870a-4e54-4f15-b756-d6c6f6e5e640
langcode: en
status: true
dependencies:
  module:
    - dp_api_docs
  theme:
    - dp_zero_gravity
_core:
  default_config_hash: 4qmbOqw5HgkJB9RsdSWug3NdgU8CsmIUda9onON8rMo
id: dp_zero_gravity_apiheaderblock
theme: dp_zero_gravity
region: header_first
weight: -8
provider: null
plugin: api_header_block
settings:
  id: api_header_block
  label: 'API Header block'
  provider: dp_api_docs
  label_display: '0'
visibility: {  }
